
Microsoft Visual Studio Solution File, Format Version 12.00
# Visual Studio Version 16
VisualStudioVersion = 16.0.31624.102
MinimumVisualStudioVersion = 10.0.40219.1
Project("{FAE04EC0-301F-11D3-BF4B-00C04F79EFBC}") = "P1-AP1-Vismar_20190425", "P1-AP1-Vismar_20190425.csproj", "{B4ED7419-4E15-494C-8AFB-53D0D83EE9E1}"
EndProject
Global
	GlobalSection(SolutionConfigurationPlatforms) = preSolution
		Debug|Any CPU = Debug|Any CPU
		Release|Any CPU = Release|Any CPU
	EndGlobalSection
	GlobalSection(ProjectConfigurationPlatforms) = postSolution
		{B4ED7419-4E15-494C-8AFB-53D0D83EE9E1}.Debug|Any CPU.ActiveCfg = Debug|Any CPU
		{B4ED7419-4E15-494C-8AFB-53D0D83EE9E1}.Debug|Any CPU.Build.0 = Debug|Any CPU
		{B4ED7419-4E15-494C-8AFB-53D0D83EE9E1}.Release|Any CPU.ActiveCfg = Release|Any CPU
		{B4ED7419-4E15-494C-8AFB-53D0D83EE9E1}.Release|Any CPU.Build.0 = Release|Any CPU
	EndGlobalSection
	GlobalSection(SolutionProperties) = preSolution
		HideSolutionNode = FALSE
	EndGlobalSection
	GlobalSection(ExtensibilityGlobals) = postSolution
		SolutionGuid = {5E9E67AB-C597-4319-BCC5-7340B53C348D}
	EndGlobalSection
EndGlobal
